
Microsoft Visual Studio Solution File, Format Version 12.00
# Visual Studio Version 17
VisualStudioVersion = 17.11.35208.52
MinimumVisualStudioVersion = 10.0.40219.1
Project("{9A19103F-16F7-4668-BE54-9A1E7A4F7556}") = "HTML", "HTML\HTML.csproj", "{7CD557CB-4207-4A60-897E-8D8AFCB2049E}"
EndProject
Global
	GlobalSection(SolutionConfigurationPlatforms) = preSolution
		Debug|Any CPU = Debug|Any CPU
		Release|Any CPU = Release|Any CPU
	EndGlobalSection
	GlobalSection(ProjectConfigurationPlatforms) = postSolution
		{7CD557CB-4207-4A60-897E-8D8AFCB2049E}.Debug|Any CPU.ActiveCfg = Debug|Any CPU
		{7CD557CB-4207-4A60-897E-8D8AFCB2049E}.Debug|Any CPU.Build.0 = Debug|Any CPU
		{7CD557CB-4207-4A60-897E-8D8AFCB2049E}.Release|Any CPU.ActiveCfg = Release|Any CPU
		{7CD557CB-4207-4A60-897E-8D8AFCB2049E}.Release|Any CPU.Build.0 = Release|Any CPU
	EndGlobalSection
	GlobalSection(SolutionProperties) = preSolution
		HideSolutionNode = FALSE
	EndGlobalSection
	GlobalSection(ExtensibilityGlobals) = postSolution
		SolutionGuid = {180537F8-F12B-4BDE-9557-BCD11A849B53}
	EndGlobalSection
EndGlobal
